
Microsoft Visual Studio Solution File, Format Version 12.00
# Visual Studio Version 16
VisualStudioVersion = 16.0.31205.134
MinimumVisualStudioVersion = 10.0.40219.1
Project("{FAE04EC0-301F-11D3-BF4B-00C04F79EFBC}") = "TeamScheduleViewer", "TeamScheduleViewer\TeamScheduleViewer.csproj", "{211CE360-C2A6-46F8-8747-AC6A3F99190D}"
EndProject
Global
	GlobalSection(SolutionConfigurationPlatforms) = preSolution
		Debug|Any CPU = Debug|Any CPU
		Release|Any CPU = Release|Any CPU
	EndGlobalSection
	GlobalSection(ProjectConfigurationPlatforms) = postSolution
		{211CE360-C2A6-46F8-8747-AC6A3F99190D}.Debug|Any CPU.ActiveCfg = Debug|Any CPU
		{211CE360-C2A6-46F8-8747-AC6A3F99190D}.Debug|Any CPU.Build.0 = Debug|Any CPU
		{211CE360-C2A6-46F8-8747-AC6A3F99190D}.Release|Any CPU.ActiveCfg = Release|Any CPU
		{211CE360-C2A6-46F8-8747-AC6A3F99190D}.Release|Any CPU.Build.0 = Release|Any CPU
	EndGlobalSection
	GlobalSection(SolutionProperties) = preSolution
		HideSolutionNode = FALSE
	EndGlobalSection
	GlobalSection(ExtensibilityGlobals) = postSolution
		SolutionGuid = {2C89C652-3D8D-4320-85A5-5DCF15EB6E00}
	EndGlobalSection
EndGlobal
